
Microsoft Visual Studio Solution File, Format Version 12.00
# Visual Studio 14
VisualStudioVersion = 14.0.25123.0
MinimumVisualStudioVersion = 10.0.40219.1
Project("{FAE04EC0-301F-11D3-BF4B-00C04F79EFBC}") = "MapsApp.Droid", "MapsApp\MapsApp.Droid\MapsApp.Droid.csproj", "{E1304B75-A4FF-4365-8790-3C164B2BAC75}"
EndProject
Project("{FAE04EC0-301F-11D3-BF4B-00C04F79EFBC}") = "MapsApp.iOS", "MapsApp\MapsApp.iOS\MapsApp.iOS.csproj", "{84751562-ED56-45CB-B076-94FFA165418A}"
EndProject
Project("{FAE04EC0-301F-11D3-BF4B-00C04F79EFBC}") = "MapsApp.WinPhone", "MapsApp\MapsApp.WinPhone\MapsApp.WinPhone.csproj", "{69A09A4E-5189-4573-B0FD-3E86FBB55761}"
EndProject
Project("{FAE04EC0-301F-11D3-BF4B-00C04F79EFBC}") = "MapsApp.UWP", "MapsApp\MapsApp.UWP\MapsApp.UWP.csproj", "{AA7E102B-5218-4676-B202-A817FCE27C48}"
EndProject
Project("{FAE04EC0-301F-11D3-BF4B-00C04F79EFBC}") = "MapsApp.Windows", "MapsApp\MapsApp.Windows\MapsApp.Windows.csproj", "{B8B39773-38DB-415A-810A-046533F79A37}"
EndProject
Project("{FAE04EC0-301F-11D3-BF4B-00C04F79EFBC}") = "MapsApp", "MapsApp\MapsApp\MapsApp.csproj", "{441AB8B8-C416-43B0-BA90-99B44F6A7595}"
EndProject
Global
	GlobalSection(SolutionConfigurationPlatforms) = preSolution
		Ad-Hoc|Any CPU = Ad-Hoc|Any CPU
		Ad-Hoc|ARM = Ad-Hoc|ARM
		Ad-Hoc|iPhone = Ad-Hoc|iPhone
		Ad-Hoc|iPhoneSimulator = Ad-Hoc|iPhoneSimulator
		Ad-Hoc|x64 = Ad-Hoc|x64
		Ad-Hoc|x86 = Ad-Hoc|x86
		AppStore|Any CPU = AppStore|Any CPU
		AppStore|ARM = AppStore|ARM
		AppStore|iPhone = AppStore|iPhone
		AppStore|iPhoneSimulator = AppStore|iPhoneSimulator
		AppStore|x64 = AppStore|x64
		AppStore|x86 = AppStore|x86
		Debug|Any CPU = Debug|Any CPU
		Debug|ARM = Debug|ARM
		Debug|iPhone = Debug|iPhone
		Debug|iPhoneSimulator = Debug|iPhoneSimulator
		Debug|x64 = Debug|x64
		Debug|x86 = Debug|x86
		Release|Any CPU = Release|Any CPU
		Release|ARM = Release|ARM
		Release|iPhone = Release|iPhone
		Release|iPhoneSimulator = Release|iPhoneSimulator
		Release|x64 = Release|x64
		Release|x86 = Release|x86
	EndGlobalSection
	GlobalSection(ProjectConfigurationPlatforms) = postSolution
		{E1304B75-A4FF-4365-8790-3C164B2BAC75}.Ad-Hoc|Any CPU.ActiveCfg = Release|Any CPU
		{E1304B75-A4FF-4365-8790-3C164B2BAC75}.Ad-Hoc|Any CPU.Build.0 = Release|Any CPU
		{E1304B75-A4FF-4365-8790-3C164B2BAC75}.Ad-Hoc|Any CPU.Deploy.0 = Release|Any CPU
		{E1304B75-A4FF-4365-8790-3C164B2BAC75}.Ad-Hoc|ARM.ActiveCfg = Release|Any CPU
		{E1304B75-A4FF-4365-8790-3C164B2BAC75}.Ad-Hoc|ARM.Build.0 = Release|Any CPU
		{E1304B75-A4FF-4365-8790-3C164B2BAC75}.Ad-Hoc|ARM.Deploy.0 = Release|Any CPU
		{E1304B75-A4FF-4365-8790-3C164B2BAC75}.Ad-Hoc|iPhone.ActiveCfg = Release|Any CPU
		{E1304B75-A4FF-4365-8790-3C164B2BAC75}.Ad-Hoc|iPhone.Build.0 = Release|Any CPU
		{E1304B75-A4FF-4365-8790-3C164B2BAC75}.Ad-Hoc|iPhone.Deploy.0 = Release|Any CPU
		{E1304B75-A4FF-4365-8790-3C164B2BAC75}.Ad-Hoc|iPhoneSimulator.ActiveCfg = Release|Any CPU
		{E1304B75-A4FF-4365-8790-3C164B2BAC75}.Ad-Hoc|iPhoneSimulator.Build.0 = Release|Any CPU
		{E1304B75-A4FF-4365-8790-3C164B2BAC75}.Ad-Hoc|iPhoneSimulator.Deploy.0 = Release|Any CPU
		{E1304B75-A4FF-4365-8790-3C164B2BAC75}.Ad-Hoc|x64.ActiveCfg = Release|Any CPU
		{E1304B75-A4FF-4365-8790-3C164B2BAC75}.Ad-Hoc|x64.Build.0 = Release|Any CPU
		{E1304B75-A4FF-4365-8790-3C164B2BAC75}.Ad-Hoc|x64.Deploy.0 = Release|Any CPU
		{E1304B75-A4FF-4365-8790-3C164B2BAC75}.Ad-Hoc|x86.ActiveCfg = Release|Any CPU
		{E1304B75-A4FF-4365-8790-3C164B2BAC75}.Ad-Hoc|x86.Build.0 = Release|Any CPU
		{E1304B75-A4FF-4365-8790-3C164B2BAC75}.Ad-Hoc|x86.Deploy.0 = Release|Any CPU
		{E1304B75-A4FF-4365-8790-3C164B2BAC75}.AppStore|Any CPU.ActiveCfg = Release|Any CPU
		{E1304B75-A4FF-4365-8790-3C164B2BAC75}.AppStore|Any CPU.Build.0 = Release|Any CPU
		{E1304B75-A4FF-4365-8790-3C164B2BAC75}.AppStore|Any CPU.Deploy.0 = Release|Any CPU
		{E1304B75-A4FF-4365-8790-3C164B2BAC75}.AppStore|ARM.ActiveCfg = Release|Any CPU
		{E1304B75-A4FF-4365-8790-3C164B2BAC75}.AppStore|ARM.Build.0 = Release|Any CPU
		{E1304B75-A4FF-4365-8790-3C164B2BAC75}.AppStore|ARM.Deploy.0 = Release|Any CPU
		{E1304B75-A4FF-4365-8790-3C164B2BAC75}.AppStore|iPhone.ActiveCfg = Release|Any CPU
		{E1304B75-A4FF-4365-8790-3C164B2BAC75}.AppStore|iPhone.Build.0 = Release|Any CPU
		{E1304B75-A4FF-4365-8790-3C164B2BAC75}.AppStore|iPhone.Deploy.0 = Release|Any CPU
		{E1304B75-A4FF-4365-8790-3C164B2BAC75}.AppStore|iPhoneSimulator.ActiveCfg = Release|Any CPU
		{E1304B75-A4FF-4365-8790-3C164B2BAC75}.AppStore|iPhoneSimulator.Build.0 = Release|Any CPU
		{E1304B75-A4FF-4365-8790-3C164B2BAC75}.AppStore|iPhoneSimulator.Deploy.0 = Release|Any CPU
		{E1304B75-A4FF-4365-8790-3C164B2BAC75}.AppStore|x64.ActiveCfg = Release|Any CPU
		{E1304B75-A4FF-4365-8790-3C164B2BAC75}.AppStore|x64.Build.0 = Release|Any CPU
		{E1304B75-A4FF-4365-8790-3C164B2BAC75}.AppStore|x64.Deploy.0 = Release|Any CPU
		{E1304B75-A4FF-4365-8790-3C164B2BAC75}.AppStore|x86.ActiveCfg = Release|Any CPU
		{E1304B75-A4FF-4365-8790-3C164B2BAC75}.AppStore|x86.Build.0 = Release|Any CPU
		{E1304B75-A4FF-4365-8790-3C164B2BAC75}.AppStore|x86.Deploy.0 = Release|Any CPU
		{E1304B75-A4FF-4365-8790-3C164B2BAC75}.Debug|Any CPU.ActiveCfg = Debug|Any CPU
		{E1304B75-A4FF-4365-8790-3C164B2BAC75}.Debug|Any CPU.Build.0 = Debug|Any CPU
		{E1304B75-A4FF-4365-8790-3C164B2BAC75}.Debug|Any CPU.Deploy.0 = Debug|Any CPU
		{E1304B75-A4FF-4365-8790-3C164B2BAC75}.Debug|ARM.ActiveCfg = Debug|Any CPU
		{E1304B75-A4FF-4365-8790-3C164B2BAC75}.Debug|ARM.Build.0 = Debug|Any CPU
		{E1304B75-A4FF-4365-8790-3C164B2BAC75}.Debug|ARM.Deploy.0 = Debug|Any CPU
		{E1304B75-A4FF-4365-8790-3C164B2BAC75}.Debug|iPhone.ActiveCfg = Debug|Any CPU
		{E1304B75-A4FF-4365-8790-3C164B2BAC75}.Debug|iPhone.Build.0 = Debug|Any CPU
		{E1304B75-A4FF-4365-8790-3C164B2BAC75}.Debug|iPhone.Deploy.0 = Debug|Any CPU
		{E1304B75-A4FF-4365-8790-3C164B2BAC75}.Debug|iPhoneSimulator.ActiveCfg = Debug|Any CPU
		{E1304B75-A4FF-4365-8790-3C164B2BAC75}.Debug|iPhoneSimulator.Build.0 = Debug|Any CPU
		{E1304B75-A4FF-4365-8790-3C164B2BAC75}.Debug|iPhoneSimulator.Deploy.0 = Debug|Any CPU
		{E1304B75-A4FF-4365-8790-3C164B2BAC75}.Debug|x64.ActiveCfg = Debug|Any CPU
		{E1304B75-A4FF-4365-8790-3C164B2BAC75}.Debug|x64.Build.0 = Debug|Any CPU
		{E1304B75-A4FF-4365-8790-3C164B2BAC75}.Debug|x64.Deploy.0 = Debug|Any CPU
		{E1304B75-A4FF-4365-8790-3C164B2BAC75}.Debug|x86.ActiveCfg = Debug|Any CPU
		{E1304B75-A4FF-4365-8790-3C164B2BAC75}.Debug|x86.Build.0 = Debug|Any CPU
		{E1304B75-A4FF-4365-8790-3C164B2BAC75}.Debug|x86.Deploy.0 = Debug|Any CPU
		{E1304B75-A4FF-4365-8790-3C164B2BAC75}.Release|Any CPU.ActiveCfg = Release|Any CPU
		{E1304B75-A4FF-4365-8790-3C164B2BAC75}.Release|Any CPU.Build.0 = Release|Any CPU
		{E1304B75-A4FF-4365-8790-3C164B2BAC75}.Release|Any CPU.Deploy.0 = Release|Any CPU
		{E1304B75-A4FF-4365-8790-3C164B2BAC75}.Release|ARM.ActiveCfg = Release|Any CPU
		{E1304B75-A4FF-4365-8790-3C164B2BAC75}.Release|ARM.Build.0 = Release|Any CPU
		{E1304B75-A4FF-4365-8790-3C164B2BAC75}.Release|ARM.Deploy.0 = Release|Any CPU
		{E1304B75-A4FF-4365-8790-3C164B2BAC75}.Release|iPhone.ActiveCfg = Release|Any CPU
		{E1304B75-A4FF-4365-8790-3C164B2BAC75}.Release|iPhone.Build.0 = Release|Any CPU
		{E1304B75-A4FF-4365-8790-3C164B2BAC75}.Release|iPhone.Deploy.0 = Release|Any CPU
		{E1304B75-A4FF-4365-8790-3C164B2BAC75}.Release|iPhoneSimulator.ActiveCfg = Release|Any CPU
		{E1304B75-A4FF-4365-8790-3C164B2BAC75}.Release|iPhoneSimulator.Build.0 = Release|Any CPU
		{E1304B75-A4FF-4365-8790-3C164B2BAC75}.Release|iPhoneSimulator.Deploy.0 = Release|Any CPU
		{E1304B75-A4FF-4365-8790-3C164B2BAC75}.Release|x64.ActiveCfg = Release|Any CPU
		{E1304B75-A4FF-4365-8790-3C164B2BAC75}.Release|x64.Build.0 = Release|Any CPU
		{E1304B75-A4FF-4365-8790-3C164B2BAC75}.Release|x64.Deploy.0 = Release|Any CPU
		{E1304B75-A4FF-4365-8790-3C164B2BAC75}.Release|x86.ActiveCfg = Release|Any CPU
		{E1304B75-A4FF-4365-8790-3C164B2BAC75}.Release|x86.Build.0 = Release|Any CPU
		{E1304B75-A4FF-4365-8790-3C164B2BAC75}.Release|x86.Deploy.0 = Release|Any CPU
		{84751562-ED56-45CB-B076-94FFA165418A}.Ad-Hoc|Any CPU.ActiveCfg = Ad-Hoc|iPhone
		{84751562-ED56-45CB-B076-94FFA165418A}.Ad-Hoc|ARM.ActiveCfg = Ad-Hoc|iPhone
		{84751562-ED56-45CB-B076-94FFA165418A}.Ad-Hoc|iPhone.ActiveCfg = Ad-Hoc|iPhone
		{84751562-ED56-45CB-B076-94FFA165418A}.Ad-Hoc|iPhone.Build.0 = Ad-Hoc|iPhone
		{84751562-ED56-45CB-B076-94FFA165418A}.Ad-Hoc|iPhoneSimulator.ActiveCfg = Ad-Hoc|iPhoneSimulator
		{84751562-ED56-45CB-B076-94FFA165418A}.Ad-Hoc|iPhoneSimulator.Build.0 = Ad-Hoc|iPhoneSimulator
		{84751562-ED56-45CB-B076-94FFA165418A}.Ad-Hoc|x64.ActiveCfg = Ad-Hoc|iPhone
		{84751562-ED56-45CB-B076-94FFA165418A}.Ad-Hoc|x86.ActiveCfg = Ad-Hoc|iPhone
		{84751562-ED56-45CB-B076-94FFA165418A}.AppStore|Any CPU.ActiveCfg = AppStore|iPhone
		{84751562-ED56-45CB-B076-94FFA165418A}.AppStore|ARM.ActiveCfg = AppStore|iPhone
		{84751562-ED56-45CB-B076-94FFA165418A}.AppStore|iPhone.ActiveCfg = AppStore|iPhone
		{84751562-ED56-45CB-B076-94FFA165418A}.AppStore|iPhone.Build.0 = AppStore|iPhone
		{84751562-ED56-45CB-B076-94FFA165418A}.AppStore|iPhoneSimulator.ActiveCfg = AppStore|iPhoneSimulator
		{84751562-ED56-45CB-B076-94FFA165418A}.AppStore|iPhoneSimulator.Build.0 = AppStore|iPhoneSimulator
		{84751562-ED56-45CB-B076-94FFA165418A}.AppStore|x64.ActiveCfg = AppStore|iPhone
		{84751562-ED56-45CB-B076-94FFA165418A}.AppStore|x86.ActiveCfg = AppStore|iPhone
		{84751562-ED56-45CB-B076-94FFA165418A}.Debug|Any CPU.ActiveCfg = Debug|iPhone
		{84751562-ED56-45CB-B076-94FFA165418A}.Debug|ARM.ActiveCfg = Debug|iPhone
		{84751562-ED56-45CB-B076-94FFA165418A}.Debug|iPhone.ActiveCfg = Debug|iPhone
		{84751562-ED56-45CB-B076-94FFA165418A}.Debug|iPhone.Build.0 = Debug|iPhone
		{84751562-ED56-45CB-B076-94FFA165418A}.Debug|iPhoneSimulator.ActiveCfg = Debug|iPhoneSimulator
		{84751562-ED56-45CB-B076-94FFA165418A}.Debug|iPhoneSimulator.Build.0 = Debug|iPhoneSimulator
		{84751562-ED56-45CB-B076-94FFA165418A}.Debug|x64.ActiveCfg = Debug|iPhone
		{84751562-ED56-45CB-B076-94FFA165418A}.Debug|x86.ActiveCfg = Debug|iPhone
		{84751562-ED56-45CB-B076-94FFA165418A}.Release|Any CPU.ActiveCfg = Release|iPhone
		{84751562-ED56-45CB-B076-94FFA165418A}.Release|ARM.ActiveCfg = Release|iPhone
		{84751562-ED56-45CB-B076-94FFA165418A}.Release|iPhone.ActiveCfg = Release|iPhone
		{84751562-ED56-45CB-B076-94FFA165418A}.Release|iPhone.Build.0 = Release|iPhone
		{84751562-ED56-45CB-B076-94FFA165418A}.Release|iPhoneSimulator.ActiveCfg = Release|iPhoneSimulator
		{84751562-ED56-45CB-B076-94FFA165418A}.Release|iPhoneSimulator.Build.0 = Release|iPhoneSimulator
		{84751562-ED56-45CB-B076-94FFA165418A}.Release|x64.ActiveCfg = Release|iPhone
		{84751562-ED56-45CB-B076-94FFA165418A}.Release|x86.ActiveCfg = Release|iPhone
		{69A09A4E-5189-4573-B0FD-3E86FBB55761}.Ad-Hoc|Any CPU.ActiveCfg = Release|Any CPU
		{69A09A4E-5189-4573-B0FD-3E86FBB55761}.Ad-Hoc|Any CPU.Build.0 = Release|Any CPU
		{69A09A4E-5189-4573-B0FD-3E86FBB55761}.Ad-Hoc|Any CPU.Deploy.0 = Release|Any CPU
		{69A09A4E-5189-4573-B0FD-3E86FBB55761}.Ad-Hoc|ARM.ActiveCfg = Release|ARM
		{69A09A4E-5189-4573-B0FD-3E86FBB55761}.Ad-Hoc|ARM.Build.0 = Release|ARM
		{69A09A4E-5189-4573-B0FD-3E86FBB55761}.Ad-Hoc|ARM.Deploy.0 = Release|ARM
		{69A09A4E-5189-4573-B0FD-3E86FBB55761}.Ad-Hoc|iPhone.ActiveCfg = Release|Any CPU
		{69A09A4E-5189-4573-B0FD-3E86FBB55761}.Ad-Hoc|iPhone.Build.0 = Release|Any CPU
		{69A09A4E-5189-4573-B0FD-3E86FBB55761}.Ad-Hoc|iPhone.Deploy.0 = Release|Any CPU
		{69A09A4E-5189-4573-B0FD-3E86FBB55761}.Ad-Hoc|iPhoneSimulator.ActiveCfg = Release|Any CPU
		{69A09A4E-5189-4573-B0FD-3E86FBB55761}.Ad-Hoc|iPhoneSimulator.Build.0 = Release|Any CPU
		{69A09A4E-5189-4573-B0FD-3E86FBB55761}.Ad-Hoc|iPhoneSimulator.Deploy.0 = Release|Any CPU
		{69A09A4E-5189-4573-B0FD-3E86FBB55761}.Ad-Hoc|x64.ActiveCfg = Release|Any CPU
		{69A09A4E-5189-4573-B0FD-3E86FBB55761}.Ad-Hoc|x64.Build.0 = Release|Any CPU
		{69A09A4E-5189-4573-B0FD-3E86FBB55761}.Ad-Hoc|x64.Deploy.0 = Release|Any CPU
		{69A09A4E-5189-4573-B0FD-3E86FBB55761}.Ad-Hoc|x86.ActiveCfg = Release|x86
		{69A09A4E-5189-4573-B0FD-3E86FBB55761}.Ad-Hoc|x86.Build.0 = Release|x86
		{69A09A4E-5189-4573-B0FD-3E86FBB55761}.Ad-Hoc|x86.Deploy.0 = Release|x86
		{69A09A4E-5189-4573-B0FD-3E86FBB55761}.AppStore|Any CPU.ActiveCfg = Release|Any CPU
		{69A09A4E-5189-4573-B0FD-3E86FBB55761}.AppStore|Any CPU.Build.0 = Release|Any CPU
		{69A09A4E-5189-4573-B0FD-3E86FBB55761}.AppStore|Any CPU.Deploy.0 = Release|Any CPU
		{69A09A4E-5189-4573-B0FD-3E86FBB55761}.AppStore|ARM.ActiveCfg = Release|ARM
		{69A09A4E-5189-4573-B0FD-3E86FBB55761}.AppStore|ARM.Build.0 = Release|ARM
		{69A09A4E-5189-4573-B0FD-3E86FBB55761}.AppStore|ARM.Deploy.0 = Release|ARM
		{69A09A4E-5189-4573-B0FD-3E86FBB55761}.AppStore|iPhone.ActiveCfg = Release|Any CPU
		{69A09A4E-5189-4573-B0FD-3E86FBB55761}.AppStore|iPhone.Build.0 = Release|Any CPU
		{69A09A4E-5189-4573-B0FD-3E86FBB55761}.AppStore|iPhone.Deploy.0 = Release|Any CPU
		{69A09A4E-5189-4573-B0FD-3E86FBB55761}.AppStore|iPhoneSimulator.ActiveCfg = Release|Any CPU
		{69A09A4E-5189-4573-B0FD-3E86FBB55761}.AppStore|iPhoneSimulator.Build.0 = Release|Any CPU
		{69A09A4E-5189-4573-B0FD-3E86FBB55761}.AppStore|iPhoneSimulator.Deploy.0 = Release|Any CPU
		{69A09A4E-5189-4573-B0FD-3E86FBB55761}.AppStore|x64.ActiveCfg = Release|Any CPU
		{69A09A4E-5189-4573-B0FD-3E86FBB55761}.AppStore|x64.Build.0 = Release|Any CPU
		{69A09A4E-5189-4573-B0FD-3E86FBB55761}.AppStore|x64.Deploy.0 = Release|Any CPU
		{69A09A4E-5189-4573-B0FD-3E86FBB55761}.AppStore|x86.ActiveCfg = Release|x86
		{69A09A4E-5189-4573-B0FD-3E86FBB55761}.AppStore|x86.Build.0 = Release|x86
		{69A09A4E-5189-4573-B0FD-3E86FBB55761}.AppStore|x86.Deploy.0 = Release|x86
		{69A09A4E-5189-4573-B0FD-3E86FBB55761}.Debug|Any CPU.ActiveCfg = Debug|Any CPU
		{69A09A4E-5189-4573-B0FD-3E86FBB55761}.Debug|Any CPU.Build.0 = Debug|Any CPU
		{69A09A4E-5189-4573-B0FD-3E86FBB55761}.Debug|Any CPU.Deploy.0 = Debug|Any CPU
		{69A09A4E-5189-4573-B0FD-3E86FBB55761}.Debug|ARM.ActiveCfg = Debug|ARM
		{69A09A4E-5189-4573-B0FD-3E86FBB55761}.Debug|ARM.Build.0 = Debug|ARM
		{69A09A4E-5189-4573-B0FD-3E86FBB55761}.Debug|ARM.Deploy.0 = Debug|ARM
		{69A09A4E-5189-4573-B0FD-3E86FBB55761}.Debug|iPhone.ActiveCfg = Debug|Any CPU
		{69A09A4E-5189-4573-B0FD-3E86FBB55761}.Debug|iPhone.Build.0 = Debug|Any CPU
		{69A09A4E-5189-4573-B0FD-3E86FBB55761}.Debug|iPhone.Deploy.0 = Debug|Any CPU
		{69A09A4E-5189-4573-B0FD-3E86FBB55761}.Debug|iPhoneSimulator.ActiveCfg = Debug|Any CPU
		{69A09A4E-5189-4573-B0FD-3E86FBB55761}.Debug|iPhoneSimulator.Build.0 = Debug|Any CPU
		{69A09A4E-5189-4573-B0FD-3E86FBB55761}.Debug|iPhoneSimulator.Deploy.0 = Debug|Any CPU
		{69A09A4E-5189-4573-B0FD-3E86FBB55761}.Debug|x64.ActiveCfg = Debug|Any CPU
		{69A09A4E-5189-4573-B0FD-3E86FBB55761}.Debug|x64.Build.0 = Debug|Any CPU
		{69A09A4E-5189-4573-B0FD-3E86FBB55761}.Debug|x64.Deploy.0 = Debug|Any CPU
		{69A09A4E-5189-4573-B0FD-3E86FBB55761}.Debug|x86.ActiveCfg = Debug|x86
		{69A09A4E-5189-4573-B0FD-3E86FBB55761}.Debug|x86.Build.0 = Debug|x86
		{69A09A4E-5189-4573-B0FD-3E86FBB55761}.Debug|x86.Deploy.0 = Debug|x86
		{69A09A4E-5189-4573-B0FD-3E86FBB55761}.Release|Any CPU.ActiveCfg = Release|Any CPU
		{69A09A4E-5189-4573-B0FD-3E86FBB55761}.Release|Any CPU.Build.0 = Release|Any CPU
		{69A09A4E-5189-4573-B0FD-3E86FBB55761}.Release|Any CPU.Deploy.0 = Release|Any CPU
		{69A09A4E-5189-4573-B0FD-3E86FBB55761}.Release|ARM.ActiveCfg = Release|ARM
		{69A09A4E-5189-4573-B0FD-3E86FBB55761}.Release|ARM.Build.0 = Release|ARM
		{69A09A4E-5189-4573-B0FD-3E86FBB55761}.Release|ARM.Deploy.0 = Release|ARM
		{69A09A4E-5189-4573-B0FD-3E86FBB55761}.Release|iPhone.ActiveCfg = Release|Any CPU
		{69A09A4E-5189-4573-B0FD-3E86FBB55761}.Release|iPhone.Build.0 = Release|Any CPU
		{69A09A4E-5189-4573-B0FD-3E86FBB55761}.Release|iPhone.Deploy.0 = Release|Any CPU
		{69A09A4E-5189-4573-B0FD-3E86FBB55761}.Release|iPhoneSimulator.ActiveCfg = Release|Any CPU
		{69A09A4E-5189-4573-B0FD-3E86FBB55761}.Release|iPhoneSimulator.Build.0 = Release|Any CPU
		{69A09A4E-5189-4573-B0FD-3E86FBB55761}.Release|iPhoneSimulator.Deploy.0 = Release|Any CPU
		{69A09A4E-5189-4573-B0FD-3E86FBB55761}.Release|x64.ActiveCfg = Release|Any CPU
		{69A09A4E-5189-4573-B0FD-3E86FBB55761}.Release|x64.Build.0 = Release|Any CPU
		{69A09A4E-5189-4573-B0FD-3E86FBB55761}.Release|x64.Deploy.0 = Release|Any CPU
		{69A09A4E-5189-4573-B0FD-3E86FBB55761}.Release|x86.ActiveCfg = Release|x86
		{69A09A4E-5189-4573-B0FD-3E86FBB55761}.Release|x86.Build.0 = Release|x86
		{69A09A4E-5189-4573-B0FD-3E86FBB55761}.Release|x86.Deploy.0 = Release|x86
		{AA7E102B-5218-4676-B202-A817FCE27C48}.Ad-Hoc|Any CPU.ActiveCfg = Release|x86
		{AA7E102B-5218-4676-B202-A817FCE27C48}.Ad-Hoc|Any CPU.Build.0 = Release|x86
		{AA7E102B-5218-4676-B202-A817FCE27C48}.Ad-Hoc|Any CPU.Deploy.0 = Release|x86
		{AA7E102B-5218-4676-B202-A817FCE27C48}.Ad-Hoc|ARM.ActiveCfg = Release|ARM
		{AA7E102B-5218-4676-B202-A817FCE27C48}.Ad-Hoc|ARM.Build.0 = Release|ARM
		{AA7E102B-5218-4676-B202-A817FCE27C48}.Ad-Hoc|ARM.Deploy.0 = Release|ARM
		{AA7E102B-5218-4676-B202-A817FCE27C48}.Ad-Hoc|iPhone.ActiveCfg = Release|x86
		{AA7E102B-5218-4676-B202-A817FCE27C48}.Ad-Hoc|iPhone.Build.0 = Release|x86
		{AA7E102B-5218-4676-B202-A817FCE27C48}.Ad-Hoc|iPhone.Deploy.0 = Release|x86
		{AA7E102B-5218-4676-B202-A817FCE27C48}.Ad-Hoc|iPhoneSimulator.ActiveCfg = Release|x86
		{AA7E102B-5218-4676-B202-A817FCE27C48}.Ad-Hoc|iPhoneSimulator.Build.0 = Release|x86
		{AA7E102B-5218-4676-B202-A817FCE27C48}.Ad-Hoc|iPhoneSimulator.Deploy.0 = Release|x86
		{AA7E102B-5218-4676-B202-A817FCE27C48}.Ad-Hoc|x64.ActiveCfg = Release|x64
		{AA7E102B-5218-4676-B202-A817FCE27C48}.Ad-Hoc|x64.Build.0 = Release|x64
		{AA7E102B-5218-4676-B202-A817FCE27C48}.Ad-Hoc|x64.Deploy.0 = Release|x64
		{AA7E102B-5218-4676-B202-A817FCE27C48}.Ad-Hoc|x86.ActiveCfg = Release|x86
		{AA7E102B-5218-4676-B202-A817FCE27C48}.Ad-Hoc|x86.Build.0 = Release|x86
		{AA7E102B-5218-4676-B202-A817FCE27C48}.Ad-Hoc|x86.Deploy.0 = Release|x86
		{AA7E102B-5218-4676-B202-A817FCE27C48}.AppStore|Any CPU.ActiveCfg = Release|x86
		{AA7E102B-5218-4676-B202-A817FCE27C48}.AppStore|Any CPU.Build.0 = Release|x86
		{AA7E102B-5218-4676-B202-A817FCE27C48}.AppStore|Any CPU.Deploy.0 = Release|x86
		{AA7E102B-5218-4676-B202-A817FCE27C48}.AppStore|ARM.ActiveCfg = Release|ARM
		{AA7E102B-5218-4676-B202-A817FCE27C48}.AppStore|ARM.Build.0 = Release|ARM
		{AA7E102B-5218-4676-B202-A817FCE27C48}.AppStore|ARM.Deploy.0 = Release|ARM
		{AA7E102B-5218-4676-B202-A817FCE27C48}.AppStore|iPhone.ActiveCfg = Release|x86
		{AA7E102B-5218-4676-B202-A817FCE27C48}.AppStore|iPhone.Build.0 = Release|x86
		{AA7E102B-5218-4676-B202-A817FCE27C48}.AppStore|iPhone.Deploy.0 = Release|x86
		{AA7E102B-5218-4676-B202-A817FCE27C48}.AppStore|iPhoneSimulator.ActiveCfg = Release|x86
		{AA7E102B-5218-4676-B202-A817FCE27C48}.AppStore|iPhoneSimulator.Build.0 = Release|x86
		{AA7E102B-5218-4676-B202-A817FCE27C48}.AppStore|iPhoneSimulator.Deploy.0 = Release|x86
		{AA7E102B-5218-4676-B202-A817FCE27C48}.AppStore|x64.ActiveCfg = Release|x64
		{AA7E102B-5218-4676-B202-A817FCE27C48}.AppStore|x64.Build.0 = Release|x64
		{AA7E102B-5218-4676-B202-A817FCE27C48}.AppStore|x64.Deploy.0 = Release|x64
		{AA7E102B-5218-4676-B202-A817FCE27C48}.AppStore|x86.ActiveCfg = Release|x86
		{AA7E102B-5218-4676-B202-A817FCE27C48}.AppStore|x86.Build.0 = Release|x86
		{AA7E102B-5218-4676-B202-A817FCE27C48}.AppStore|x86.Deploy.0 = Release|x86
		{AA7E102B-5218-4676-B202-A817FCE27C48}.Debug|Any CPU.ActiveCfg = Debug|x86
		{AA7E102B-5218-4676-B202-A817FCE27C48}.Debug|ARM.ActiveCfg = Debug|ARM
		{AA7E102B-5218-4676-B202-A817FCE27C48}.Debug|ARM.Build.0 = Debug|ARM
		{AA7E102B-5218-4676-B202-A817FCE27C48}.Debug|ARM.Deploy.0 = Debug|ARM
		{AA7E102B-5218-4676-B202-A817FCE27C48}.Debug|iPhone.ActiveCfg = Debug|x86
		{AA7E102B-5218-4676-B202-A817FCE27C48}.Debug|iPhoneSimulator.ActiveCfg = Debug|x86
		{AA7E102B-5218-4676-B202-A817FCE27C48}.Debug|x64.ActiveCfg = Debug|x64
		{AA7E102B-5218-4676-B202-A817FCE27C48}.Debug|x64.Build.0 = Debug|x64
		{AA7E102B-5218-4676-B202-A817FCE27C48}.Debug|x64.Deploy.0 = Debug|x64
		{AA7E102B-5218-4676-B202-A817FCE27C48}.Debug|x86.ActiveCfg = Debug|x86
		{AA7E102B-5218-4676-B202-A817FCE27C48}.Debug|x86.Build.0 = Debug|x86
		{AA7E102B-5218-4676-B202-A817FCE27C48}.Debug|x86.Deploy.0 = Debug|x86
		{AA7E102B-5218-4676-B202-A817FCE27C48}.Release|Any CPU.ActiveCfg = Release|x86
		{AA7E102B-5218-4676-B202-A817FCE27C48}.Release|ARM.ActiveCfg = Release|ARM
		{AA7E102B-5218-4676-B202-A817FCE27C48}.Release|ARM.Build.0 = Release|ARM
		{AA7E102B-5218-4676-B202-A817FCE27C48}.Release|ARM.Deploy.0 = Release|ARM
		{AA7E102B-5218-4676-B202-A817FCE27C48}.Release|iPhone.ActiveCfg = Release|x86
		{AA7E102B-5218-4676-B202-A817FCE27C48}.Release|iPhoneSimulator.ActiveCfg = Release|x86
		{AA7E102B-5218-4676-B202-A817FCE27C48}.Release|x64.ActiveCfg = Release|x64
		{AA7E102B-5218-4676-B202-A817FCE27C48}.Release|x64.Build.0 = Release|x64
		{AA7E102B-5218-4676-B202-A817FCE27C48}.Release|x64.Deploy.0 = Release|x64
		{AA7E102B-5218-4676-B202-A817FCE27C48}.Release|x86.ActiveCfg = Release|x86
		{AA7E102B-5218-4676-B202-A817FCE27C48}.Release|x86.Build.0 = Release|x86
		{AA7E102B-5218-4676-B202-A817FCE27C48}.Release|x86.Deploy.0 = Release|x86
		{B8B39773-38DB-415A-810A-046533F79A37}.Ad-Hoc|Any CPU.ActiveCfg = Release|Any CPU
		{B8B39773-38DB-415A-810A-046533F79A37}.Ad-Hoc|Any CPU.Build.0 = Release|Any CPU
		{B8B39773-38DB-415A-810A-046533F79A37}.Ad-Hoc|Any CPU.Deploy.0 = Release|Any CPU
		{B8B39773-38DB-415A-810A-046533F79A37}.Ad-Hoc|ARM.ActiveCfg = Release|ARM
		{B8B39773-38DB-415A-810A-046533F79A37}.Ad-Hoc|ARM.Build.0 = Release|ARM
		{B8B39773-38DB-415A-810A-046533F79A37}.Ad-Hoc|ARM.Deploy.0 = Release|ARM
		{B8B39773-38DB-415A-810A-046533F79A37}.Ad-Hoc|iPhone.ActiveCfg = Release|Any CPU
		{B8B39773-38DB-415A-810A-046533F79A37}.Ad-Hoc|iPhone.Build.0 = Release|Any CPU
		{B8B39773-38DB-415A-810A-046533F79A37}.Ad-Hoc|iPhone.Deploy.0 = Release|Any CPU
		{B8B39773-38DB-415A-810A-046533F79A37}.Ad-Hoc|iPhoneSimulator.ActiveCfg = Release|Any CPU
		{B8B39773-38DB-415A-810A-046533F79A37}.Ad-Hoc|iPhoneSimulator.Build.0 = Release|Any CPU
		{B8B39773-38DB-415A-810A-046533F79A37}.Ad-Hoc|iPhoneSimulator.Deploy.0 = Release|Any CPU
		{B8B39773-38DB-415A-810A-046533F79A37}.Ad-Hoc|x64.ActiveCfg = Release|x64
		{B8B39773-38DB-415A-810A-046533F79A37}.Ad-Hoc|x64.Build.0 = Release|x64
		{B8B39773-38DB-415A-810A-046533F79A37}.Ad-Hoc|x64.Deploy.0 = Release|x64
		{B8B39773-38DB-415A-810A-046533F79A37}.Ad-Hoc|x86.ActiveCfg = Release|x86
		{B8B39773-38DB-415A-810A-046533F79A37}.Ad-Hoc|x86.Build.0 = Release|x86
		{B8B39773-38DB-415A-810A-046533F79A37}.Ad-Hoc|x86.Deploy.0 = Release|x86
		{B8B39773-38DB-415A-810A-046533F79A37}.AppStore|Any CPU.ActiveCfg = Release|Any CPU
		{B8B39773-38DB-415A-810A-046533F79A37}.AppStore|Any CPU.Build.0 = Release|Any CPU
		{B8B39773-38DB-415A-810A-046533F79A37}.AppStore|Any CPU.Deploy.0 = Release|Any CPU
		{B8B39773-38DB-415A-810A-046533F79A37}.AppStore|ARM.ActiveCfg = Release|ARM
		{B8B39773-38DB-415A-810A-046533F79A37}.AppStore|ARM.Build.0 = Release|ARM
		{B8B39773-38DB-415A-810A-046533F79A37}.AppStore|ARM.Deploy.0 = Release|ARM
		{B8B39773-38DB-415A-810A-046533F79A37}.AppStore|iPhone.ActiveCfg = Release|Any CPU
		{B8B39773-38DB-415A-810A-046533F79A37}.AppStore|iPhone.Build.0 = Release|Any CPU
		{B8B39773-38DB-415A-810A-046533F79A37}.AppStore|iPhone.Deploy.0 = Release|Any CPU
		{B8B39773-38DB-415A-810A-046533F79A37}.AppStore|iPhoneSimulator.ActiveCfg = Release|Any CPU
		{B8B39773-38DB-415A-810A-046533F79A37}.AppStore|iPhoneSimulator.Build.0 = Release|Any CPU
		{B8B39773-38DB-415A-810A-046533F79A37}.AppStore|iPhoneSimulator.Deploy.0 = Release|Any CPU
		{B8B39773-38DB-415A-810A-046533F79A37}.AppStore|x64.ActiveCfg = Release|x64
		{B8B39773-38DB-415A-810A-046533F79A37}.AppStore|x64.Build.0 = Release|x64
		{B8B39773-38DB-415A-810A-046533F79A37}.AppStore|x64.Deploy.0 = Release|x64
		{B8B39773-38DB-415A-810A-046533F79A37}.AppStore|x86.ActiveCfg = Release|x86
		{B8B39773-38DB-415A-810A-046533F79A37}.AppStore|x86.Build.0 = Release|x86
		{B8B39773-38DB-415A-810A-046533F79A37}.AppStore|x86.Deploy.0 = Release|x86
		{B8B39773-38DB-415A-810A-046533F79A37}.Debug|Any CPU.ActiveCfg = Debug|Any CPU
		{B8B39773-38DB-415A-810A-046533F79A37}.Debug|Any CPU.Build.0 = Debug|Any CPU
		{B8B39773-38DB-415A-810A-046533F79A37}.Debug|Any CPU.Deploy.0 = Debug|Any CPU
		{B8B39773-38DB-415A-810A-046533F79A37}.Debug|ARM.ActiveCfg = Debug|ARM
		{B8B39773-38DB-415A-810A-046533F79A37}.Debug|ARM.Build.0 = Debug|ARM
		{B8B39773-38DB-415A-810A-046533F79A37}.Debug|ARM.Deploy.0 = Debug|ARM
		{B8B39773-38DB-415A-810A-046533F79A37}.Debug|iPhone.ActiveCfg = Debug|Any CPU
		{B8B39773-38DB-415A-810A-046533F79A37}.Debug|iPhone.Build.0 = Debug|Any CPU
		{B8B39773-38DB-415A-810A-046533F79A37}.Debug|iPhone.Deploy.0 = Debug|Any CPU
		{B8B39773-38DB-415A-810A-046533F79A37}.Debug|iPhoneSimulator.ActiveCfg = Debug|Any CPU
		{B8B39773-38DB-415A-810A-046533F79A37}.Debug|iPhoneSimulator.Build.0 = Debug|Any CPU
		{B8B39773-38DB-415A-810A-046533F79A37}.Debug|iPhoneSimulator.Deploy.0 = Debug|Any CPU
		{B8B39773-38DB-415A-810A-046533F79A37}.Debug|x64.ActiveCfg = Debug|x64
		{B8B39773-38DB-415A-810A-046533F79A37}.Debug|x64.Build.0 = Debug|x64
		{B8B39773-38DB-415A-810A-046533F79A37}.Debug|x64.Deploy.0 = Debug|x64
		{B8B39773-38DB-415A-810A-046533F79A37}.Debug|x86.ActiveCfg = Debug|x86
		{B8B39773-38DB-415A-810A-046533F79A37}.Debug|x86.Build.0 = Debug|x86
		{B8B39773-38DB-415A-810A-046533F79A37}.Debug|x86.Deploy.0 = Debug|x86
		{B8B39773-38DB-415A-810A-046533F79A37}.Release|Any CPU.ActiveCfg = Release|Any CPU
		{B8B39773-38DB-415A-810A-046533F79A37}.Release|Any CPU.Build.0 = Release|Any CPU
		{B8B39773-38DB-415A-810A-046533F79A37}.Release|Any CPU.Deploy.0 = Release|Any CPU
		{B8B39773-38DB-415A-810A-046533F79A37}.Release|ARM.ActiveCfg = Release|ARM
		{B8B39773-38DB-415A-810A-046533F79A37}.Release|ARM.Build.0 = Release|ARM
		{B8B39773-38DB-415A-810A-046533F79A37}.Release|ARM.Deploy.0 = Release|ARM
		{B8B39773-38DB-415A-810A-046533F79A37}.Release|iPhone.ActiveCfg = Release|Any CPU
		{B8B39773-38DB-415A-810A-046533F79A37}.Release|iPhone.Build.0 = Release|Any CPU
		{B8B39773-38DB-415A-810A-046533F79A37}.Release|iPhone.Deploy.0 = Release|Any CPU
		{B8B39773-38DB-415A-810A-046533F79A37}.Release|iPhoneSimulator.ActiveCfg = Release|Any CPU
		{B8B39773-38DB-415A-810A-046533F79A37}.Release|iPhoneSimulator.Build.0 = Release|Any CPU
		{B8B39773-38DB-415A-810A-046533F79A37}.Release|iPhoneSimulator.Deploy.0 = Release|Any CPU
		{B8B39773-38DB-415A-810A-046533F79A37}.Release|x64.ActiveCfg = Release|x64
		{B8B39773-38DB-415A-810A-046533F79A37}.Release|x64.Build.0 = Release|x64
		{B8B39773-38DB-415A-810A-046533F79A37}.Release|x64.Deploy.0 = Release|x64
		{B8B39773-38DB-415A-810A-046533F79A37}.Release|x86.ActiveCfg = Release|x86
		{B8B39773-38DB-415A-810A-046533F79A37}.Release|x86.Build.0 = Release|x86
		{B8B39773-38DB-415A-810A-046533F79A37}.Release|x86.Deploy.0 = Release|x86
		{441AB8B8-C416-43B0-BA90-99B44F6A7595}.Ad-Hoc|Any CPU.ActiveCfg = Release|Any CPU
		{441AB8B8-C416-43B0-BA90-99B44F6A7595}.Ad-Hoc|Any CPU.Build.0 = Release|Any CPU
		{441AB8B8-C416-43B0-BA90-99B44F6A7595}.Ad-Hoc|ARM.ActiveCfg = Release|Any CPU
		{441AB8B8-C416-43B0-BA90-99B44F6A7595}.Ad-Hoc|ARM.Build.0 = Release|Any CPU
		{441AB8B8-C416-43B0-BA90-99B44F6A7595}.Ad-Hoc|iPhone.ActiveCfg = Release|Any CPU
		{441AB8B8-C416-43B0-BA90-99B44F6A7595}.Ad-Hoc|iPhone.Build.0 = Release|Any CPU
		{441AB8B8-C416-43B0-BA90-99B44F6A7595}.Ad-Hoc|iPhoneSimulator.ActiveCfg = Release|Any CPU
		{441AB8B8-C416-43B0-BA90-99B44F6A7595}.Ad-Hoc|iPhoneSimulator.Build.0 = Release|Any CPU
		{441AB8B8-C416-43B0-BA90-99B44F6A7595}.Ad-Hoc|x64.ActiveCfg = Release|Any CPU
		{441AB8B8-C416-43B0-BA90-99B44F6A7595}.Ad-Hoc|x64.Build.0 = Release|Any CPU
		{441AB8B8-C416-43B0-BA90-99B44F6A7595}.Ad-Hoc|x86.ActiveCfg = Release|Any CPU
		{441AB8B8-C416-43B0-BA90-99B44F6A7595}.Ad-Hoc|x86.Build.0 = Release|Any CPU
		{441AB8B8-C416-43B0-BA90-99B44F6A7595}.AppStore|Any CPU.ActiveCfg = Release|Any CPU
		{441AB8B8-C416-43B0-BA90-99B44F6A7595}.AppStore|Any CPU.Build.0 = Release|Any CPU
		{441AB8B8-C416-43B0-BA90-99B44F6A7595}.AppStore|ARM.ActiveCfg = Release|Any CPU
		{441AB8B8-C416-43B0-BA90-99B44F6A7595}.AppStore|ARM.Build.0 = Release|Any CPU
		{441AB8B8-C416-43B0-BA90-99B44F6A7595}.AppStore|iPhone.ActiveCfg = Release|Any CPU
		{441AB8B8-C416-43B0-BA90-99B44F6A7595}.AppStore|iPhone.Build.0 = Release|Any CPU
		{441AB8B8-C416-43B0-BA90-99B44F6A7595}.AppStore|iPhoneSimulator.ActiveCfg = Release|Any CPU
		{441AB8B8-C416-43B0-BA90-99B44F6A7595}.AppStore|iPhoneSimulator.Build.0 = Release|Any CPU
		{441AB8B8-C416-43B0-BA90-99B44F6A7595}.AppStore|x64.ActiveCfg = Release|Any CPU
		{441AB8B8-C416-43B0-BA90-99B44F6A7595}.AppStore|x64.Build.0 = Release|Any CPU
		{441AB8B8-C416-43B0-BA90-99B44F6A7595}.AppStore|x86.ActiveCfg = Release|Any CPU
		{441AB8B8-C416-43B0-BA90-99B44F6A7595}.AppStore|x86.Build.0 = Release|Any CPU
		{441AB8B8-C416-43B0-BA90-99B44F6A7595}.Debug|Any CPU.ActiveCfg = Debug|Any CPU
		{441AB8B8-C416-43B0-BA90-99B44F6A7595}.Debug|Any CPU.Build.0 = Debug|Any CPU
		{441AB8B8-C416-43B0-BA90-99B44F6A7595}.Debug|ARM.ActiveCfg = Debug|Any CPU
		{441AB8B8-C416-43B0-BA90-99B44F6A7595}.Debug|ARM.Build.0 = Debug|Any CPU
		{441AB8B8-C416-43B0-BA90-99B44F6A7595}.Debug|iPhone.ActiveCfg = Debug|Any CPU
		{441AB8B8-C416-43B0-BA90-99B44F6A7595}.Debug|iPhone.Build.0 = Debug|Any CPU
		{441AB8B8-C416-43B0-BA90-99B44F6A7595}.Debug|iPhoneSimulator.ActiveCfg = Debug|Any CPU
		{441AB8B8-C416-43B0-BA90-99B44F6A7595}.Debug|iPhoneSimulator.Build.0 = Debug|Any CPU
		{441AB8B8-C416-43B0-BA90-99B44F6A7595}.Debug|x64.ActiveCfg = Debug|Any CPU
		{441AB8B8-C416-43B0-BA90-99B44F6A7595}.Debug|x64.Build.0 = Debug|Any CPU
		{441AB8B8-C416-43B0-BA90-99B44F6A7595}.Debug|x86.ActiveCfg = Debug|Any CPU
		{441AB8B8-C416-43B0-BA90-99B44F6A7595}.Debug|x86.Build.0 = Debug|Any CPU
		{441AB8B8-C416-43B0-BA90-99B44F6A7595}.Release|Any CPU.ActiveCfg = Release|Any CPU
		{441AB8B8-C416-43B0-BA90-99B44F6A7595}.Release|Any CPU.Build.0 = Release|Any CPU
		{441AB8B8-C416-43B0-BA90-99B44F6A7595}.Release|ARM.ActiveCfg = Release|Any CPU
		{441AB8B8-C416-43B0-BA90-99B44F6A7595}.Release|ARM.Build.0 = Release|Any CPU
		{441AB8B8-C416-43B0-BA90-99B44F6A7595}.Release|iPhone.ActiveCfg = Release|Any CPU
		{441AB8B8-C416-43B0-BA90-99B44F6A7595}.Release|iPhone.Build.0 = Release|Any CPU
		{441AB8B8-C416-43B0-BA90-99B44F6A7595}.Release|iPhoneSimulator.ActiveCfg = Release|Any CPU
		{441AB8B8-C416-43B0-BA90-99B44F6A7595}.Release|iPhoneSimulator.Build.0 = Release|Any CPU
		{441AB8B8-C416-43B0-BA90-99B44F6A7595}.Release|x64.ActiveCfg = Release|Any CPU
		{441AB8B8-C416-43B0-BA90-99B44F6A7595}.Release|x64.Build.0 = Release|Any CPU
		{441AB8B8-C416-43B0-BA90-99B44F6A7595}.Release|x86.ActiveCfg = Release|Any CPU
		{441AB8B8-C416-43B0-BA90-99B44F6A7595}.Release|x86.Build.0 = Release|Any CPU
	EndGlobalSection
	GlobalSection(SolutionProperties) = preSolution
		HideSolutionNode = FALSE
	EndGlobalSection
EndGlobal
